
Microsoft Visual Studio Solution File, Format Version 12.00
# Visual Studio Version 17
VisualStudioVersion = 17.4.33110.190
MinimumVisualStudioVersion = 10.0.40219.1
Project("{FAE04EC0-301F-11D3-BF4B-00C04F79EFBC}") = "Devops_Scraper", "Devops_Scraper\Devops_Scraper.csproj", "{2C730C40-4A9E-4EEE-965D-9C4EC397E472}"
EndProject
Global
	GlobalSection(SolutionConfigurationPlatforms) = preSolution
		Debug|Any CPU = Debug|Any CPU
		Release|Any CPU = Release|Any CPU
	EndGlobalSection
	GlobalSection(ProjectConfigurationPlatforms) = postSolution
		{2C730C40-4A9E-4EEE-965D-9C4EC397E472}.Debug|Any CPU.ActiveCfg = Debug|Any CPU
		{2C730C40-4A9E-4EEE-965D-9C4EC397E472}.Debug|Any CPU.Build.0 = Debug|Any CPU
		{2C730C40-4A9E-4EEE-965D-9C4EC397E472}.Release|Any CPU.ActiveCfg = Release|Any CPU
		{2C730C40-4A9E-4EEE-965D-9C4EC397E472}.Release|Any CPU.Build.0 = Release|Any CPU
	EndGlobalSection
	GlobalSection(SolutionProperties) = preSolution
		HideSolutionNode = FALSE
	EndGlobalSection
	GlobalSection(ExtensibilityGlobals) = postSolution
		SolutionGuid = {87FA0A05-0960-4AB2-9939-57F47B28AA6A}
	EndGlobalSection
EndGlobal
